
Microsoft Visual Studio Solution File, Format Version 12.00
# Visual Studio Version 17
VisualStudioVersion = 17.0.31903.59
MinimumVisualStudioVersion = 10.0.40219.1
Project("{2150E333-8FDC-42A3-9474-1A3956D46DE8}") = "Services", "Services", "{E7CFD5AD-37DC-4222-94A5-2F3A1AF7237F}"
EndProject
Project("{9A19103F-16F7-4668-BE54-9A1E7A4F7556}") = "Catalog", "Services\Catalog\Catalog.csproj", "{B3928675-AB41-464E-89D2-D370E6036777}"
EndProject
Project("{9A19103F-16F7-4668-BE54-9A1E7A4F7556}") = "Basket", "Services\Basket\Basket.csproj", "{67B699D0-9CF5-482D-9081-B726475001B2}"
EndProject
Project("{9A19103F-16F7-4668-BE54-9A1E7A4F7556}") = "Discount", "Services\Discount\Discount.API\Discount.csproj", "{D11E509B-4BA4-44E5-B054-ACAB9E03DA01}"
EndProject
Project("{9A19103F-16F7-4668-BE54-9A1E7A4F7556}") = "Discount.Grpc", "Services\Discount\Discount.Grpc\Discount.Grpc.csproj", "{5AC73C03-B6A8-498E-B443-3126D457CE13}"
EndProject
Project("{2150E333-8FDC-42A3-9474-1A3956D46DE8}") = "Basket.API", "Basket.API", "{225A23A3-F037-42A6-818F-7AAB2C503344}"
EndProject
Project("{2150E333-8FDC-42A3-9474-1A3956D46DE8}") = "Catalog.API", "Catalog.API", "{197BB82E-1339-4812-ABF3-8AD3815AD366}"
EndProject
Project("{2150E333-8FDC-42A3-9474-1A3956D46DE8}") = "Discount.API", "Discount.API", "{4CC3FF46-B9E4-4C65-B2BE-04EF41D46266}"
EndProject
Project("{2150E333-8FDC-42A3-9474-1A3956D46DE8}") = "Order.API", "Order.API", "{0FF7BC23-2070-4FA2-97E8-E0CD9BD5F80F}"
EndProject
Project("{9A19103F-16F7-4668-BE54-9A1E7A4F7556}") = "Domain", "Services\Order\Domain\Domain.csproj", "{D397B3AD-F95B-400E-B504-A9538711ED58}"
EndProject
Project("{9A19103F-16F7-4668-BE54-9A1E7A4F7556}") = "Order", "Services\Order\Presentation\Order.csproj", "{DD3B7DE0-BB3D-430E-A428-9D18A96C65D5}"
EndProject
Project("{9A19103F-16F7-4668-BE54-9A1E7A4F7556}") = "Application", "Services\Order\Application\Application.csproj", "{E639D703-F713-449A-8252-B12B20AF9B0F}"
EndProject
Project("{9A19103F-16F7-4668-BE54-9A1E7A4F7556}") = "Infrastructure", "Services\Order\Infrastructure\Infrastructure.csproj", "{05ACFFEB-2752-4C6E-B483-D6F23BF1C5FC}"
EndProject
Project("{2150E333-8FDC-42A3-9474-1A3956D46DE8}") = "ApiGateways", "ApiGateways", "{C4F35FA3-C3FF-4447-B952-06A1E52B969A}"
EndProject
Project("{9A19103F-16F7-4668-BE54-9A1E7A4F7556}") = "OcelotApiGw", "ApiGateways\OcelotApiGw\OcelotApiGw.csproj", "{963F005C-C466-46E8-A017-6910DA7364AB}"
EndProject
Project("{2150E333-8FDC-42A3-9474-1A3956D46DE8}") = "EventBus", "EventBus", "{3092A182-2BB6-4F21-9BC6-22989FE8A663}"
EndProject
Project("{9A19103F-16F7-4668-BE54-9A1E7A4F7556}") = "EventBusMessages", "EventBusMessages\EventBusMessages.csproj", "{9415D434-00CB-4FC2-A8A7-1AC122BC6740}"
EndProject
Project("{9A19103F-16F7-4668-BE54-9A1E7A4F7556}") = "Shopping.Aggregator", "ApiGateways\Shopping.Aggregator\Shopping.Aggregator.csproj", "{B01678BE-3630-4402-9BBD-13AD87A29E56}"
EndProject
Project("{9A19103F-16F7-4668-BE54-9A1E7A4F7556}") = "IdentityServer", "IdentityServer\IdentityServer.csproj", "{EA75ECA6-39CA-4031-9B28-E7E6B91435AC}"
EndProject
Project("{9A19103F-16F7-4668-BE54-9A1E7A4F7556}") = "Client", "Client\Client.csproj", "{9A0C52C8-CA95-4DB2-95EE-DBCCD503F7CD}"
EndProject
Project("{2150E333-8FDC-42A3-9474-1A3956D46DE8}") = "ClientBlazor", "ClientBlazor", "{2FB872A5-930C-4E33-9DCB-61705989A038}"
EndProject
Project("{2150E333-8FDC-42A3-9474-1A3956D46DE8}") = "AuthServer", "AuthServer", "{0C87A212-78B7-46EA-9270-3EBA96E68E48}"
EndProject
Global
	GlobalSection(SolutionConfigurationPlatforms) = preSolution
		Debug|Any CPU = Debug|Any CPU
		Release|Any CPU = Release|Any CPU
	EndGlobalSection
	GlobalSection(ProjectConfigurationPlatforms) = postSolution
		{B3928675-AB41-464E-89D2-D370E6036777}.Debug|Any CPU.ActiveCfg = Debug|Any CPU
		{B3928675-AB41-464E-89D2-D370E6036777}.Debug|Any CPU.Build.0 = Debug|Any CPU
		{B3928675-AB41-464E-89D2-D370E6036777}.Release|Any CPU.ActiveCfg = Release|Any CPU
		{B3928675-AB41-464E-89D2-D370E6036777}.Release|Any CPU.Build.0 = Release|Any CPU
		{67B699D0-9CF5-482D-9081-B726475001B2}.Debug|Any CPU.ActiveCfg = Debug|Any CPU
		{67B699D0-9CF5-482D-9081-B726475001B2}.Debug|Any CPU.Build.0 = Debug|Any CPU
		{67B699D0-9CF5-482D-9081-B726475001B2}.Release|Any CPU.ActiveCfg = Release|Any CPU
		{67B699D0-9CF5-482D-9081-B726475001B2}.Release|Any CPU.Build.0 = Release|Any CPU
		{D11E509B-4BA4-44E5-B054-ACAB9E03DA01}.Debug|Any CPU.ActiveCfg = Debug|Any CPU
		{D11E509B-4BA4-44E5-B054-ACAB9E03DA01}.Debug|Any CPU.Build.0 = Debug|Any CPU
		{D11E509B-4BA4-44E5-B054-ACAB9E03DA01}.Release|Any CPU.ActiveCfg = Release|Any CPU
		{D11E509B-4BA4-44E5-B054-ACAB9E03DA01}.Release|Any CPU.Build.0 = Release|Any CPU
		{5AC73C03-B6A8-498E-B443-3126D457CE13}.Debug|Any CPU.ActiveCfg = Debug|Any CPU
		{5AC73C03-B6A8-498E-B443-3126D457CE13}.Debug|Any CPU.Build.0 = Debug|Any CPU
		{5AC73C03-B6A8-498E-B443-3126D457CE13}.Release|Any CPU.ActiveCfg = Release|Any CPU
		{5AC73C03-B6A8-498E-B443-3126D457CE13}.Release|Any CPU.Build.0 = Release|Any CPU
		{D397B3AD-F95B-400E-B504-A9538711ED58}.Debug|Any CPU.ActiveCfg = Debug|Any CPU
		{D397B3AD-F95B-400E-B504-A9538711ED58}.Debug|Any CPU.Build.0 = Debug|Any CPU
		{D397B3AD-F95B-400E-B504-A9538711ED58}.Release|Any CPU.ActiveCfg = Release|Any CPU
		{D397B3AD-F95B-400E-B504-A9538711ED58}.Release|Any CPU.Build.0 = Release|Any CPU
		{DD3B7DE0-BB3D-430E-A428-9D18A96C65D5}.Debug|Any CPU.ActiveCfg = Debug|Any CPU
		{DD3B7DE0-BB3D-430E-A428-9D18A96C65D5}.Debug|Any CPU.Build.0 = Debug|Any CPU
		{DD3B7DE0-BB3D-430E-A428-9D18A96C65D5}.Release|Any CPU.ActiveCfg = Release|Any CPU
		{DD3B7DE0-BB3D-430E-A428-9D18A96C65D5}.Release|Any CPU.Build.0 = Release|Any CPU
		{E639D703-F713-449A-8252-B12B20AF9B0F}.Debug|Any CPU.ActiveCfg = Debug|Any CPU
		{E639D703-F713-449A-8252-B12B20AF9B0F}.Debug|Any CPU.Build.0 = Debug|Any CPU
		{E639D703-F713-449A-8252-B12B20AF9B0F}.Release|Any CPU.ActiveCfg = Release|Any CPU
		{E639D703-F713-449A-8252-B12B20AF9B0F}.Release|Any CPU.Build.0 = Release|Any CPU
		{05ACFFEB-2752-4C6E-B483-D6F23BF1C5FC}.Debug|Any CPU.ActiveCfg = Debug|Any CPU
		{05ACFFEB-2752-4C6E-B483-D6F23BF1C5FC}.Debug|Any CPU.Build.0 = Debug|Any CPU
		{05ACFFEB-2752-4C6E-B483-D6F23BF1C5FC}.Release|Any CPU.ActiveCfg = Release|Any CPU
		{05ACFFEB-2752-4C6E-B483-D6F23BF1C5FC}.Release|Any CPU.Build.0 = Release|Any CPU
		{963F005C-C466-46E8-A017-6910DA7364AB}.Debug|Any CPU.ActiveCfg = Debug|Any CPU
		{963F005C-C466-46E8-A017-6910DA7364AB}.Debug|Any CPU.Build.0 = Debug|Any CPU
		{963F005C-C466-46E8-A017-6910DA7364AB}.Release|Any CPU.ActiveCfg = Release|Any CPU
		{963F005C-C466-46E8-A017-6910DA7364AB}.Release|Any CPU.Build.0 = Release|Any CPU
		{9415D434-00CB-4FC2-A8A7-1AC122BC6740}.Debug|Any CPU.ActiveCfg = Debug|Any CPU
		{9415D434-00CB-4FC2-A8A7-1AC122BC6740}.Debug|Any CPU.Build.0 = Debug|Any CPU
		{9415D434-00CB-4FC2-A8A7-1AC122BC6740}.Release|Any CPU.ActiveCfg = Release|Any CPU
		{9415D434-00CB-4FC2-A8A7-1AC122BC6740}.Release|Any CPU.Build.0 = Release|Any CPU
		{B01678BE-3630-4402-9BBD-13AD87A29E56}.Debug|Any CPU.ActiveCfg = Debug|Any CPU
		{B01678BE-3630-4402-9BBD-13AD87A29E56}.Debug|Any CPU.Build.0 = Debug|Any CPU
		{B01678BE-3630-4402-9BBD-13AD87A29E56}.Release|Any CPU.ActiveCfg = Release|Any CPU
		{B01678BE-3630-4402-9BBD-13AD87A29E56}.Release|Any CPU.Build.0 = Release|Any CPU
		{EA75ECA6-39CA-4031-9B28-E7E6B91435AC}.Debug|Any CPU.ActiveCfg = Debug|Any CPU
		{EA75ECA6-39CA-4031-9B28-E7E6B91435AC}.Debug|Any CPU.Build.0 = Debug|Any CPU
		{EA75ECA6-39CA-4031-9B28-E7E6B91435AC}.Release|Any CPU.ActiveCfg = Release|Any CPU
		{EA75ECA6-39CA-4031-9B28-E7E6B91435AC}.Release|Any CPU.Build.0 = Release|Any CPU
		{9A0C52C8-CA95-4DB2-95EE-DBCCD503F7CD}.Debug|Any CPU.ActiveCfg = Debug|Any CPU
		{9A0C52C8-CA95-4DB2-95EE-DBCCD503F7CD}.Debug|Any CPU.Build.0 = Debug|Any CPU
		{9A0C52C8-CA95-4DB2-95EE-DBCCD503F7CD}.Release|Any CPU.ActiveCfg = Release|Any CPU
		{9A0C52C8-CA95-4DB2-95EE-DBCCD503F7CD}.Release|Any CPU.Build.0 = Release|Any CPU
	EndGlobalSection
	GlobalSection(SolutionProperties) = preSolution
		HideSolutionNode = FALSE
	EndGlobalSection
	GlobalSection(NestedProjects) = preSolution
		{B3928675-AB41-464E-89D2-D370E6036777} = {197BB82E-1339-4812-ABF3-8AD3815AD366}
		{67B699D0-9CF5-482D-9081-B726475001B2} = {225A23A3-F037-42A6-818F-7AAB2C503344}
		{D11E509B-4BA4-44E5-B054-ACAB9E03DA01} = {4CC3FF46-B9E4-4C65-B2BE-04EF41D46266}
		{5AC73C03-B6A8-498E-B443-3126D457CE13} = {4CC3FF46-B9E4-4C65-B2BE-04EF41D46266}
		{225A23A3-F037-42A6-818F-7AAB2C503344} = {E7CFD5AD-37DC-4222-94A5-2F3A1AF7237F}
		{197BB82E-1339-4812-ABF3-8AD3815AD366} = {E7CFD5AD-37DC-4222-94A5-2F3A1AF7237F}
		{4CC3FF46-B9E4-4C65-B2BE-04EF41D46266} = {E7CFD5AD-37DC-4222-94A5-2F3A1AF7237F}
		{0FF7BC23-2070-4FA2-97E8-E0CD9BD5F80F} = {E7CFD5AD-37DC-4222-94A5-2F3A1AF7237F}
		{D397B3AD-F95B-400E-B504-A9538711ED58} = {0FF7BC23-2070-4FA2-97E8-E0CD9BD5F80F}
		{DD3B7DE0-BB3D-430E-A428-9D18A96C65D5} = {0FF7BC23-2070-4FA2-97E8-E0CD9BD5F80F}
		{E639D703-F713-449A-8252-B12B20AF9B0F} = {0FF7BC23-2070-4FA2-97E8-E0CD9BD5F80F}
		{05ACFFEB-2752-4C6E-B483-D6F23BF1C5FC} = {0FF7BC23-2070-4FA2-97E8-E0CD9BD5F80F}
		{963F005C-C466-46E8-A017-6910DA7364AB} = {C4F35FA3-C3FF-4447-B952-06A1E52B969A}
		{9415D434-00CB-4FC2-A8A7-1AC122BC6740} = {3092A182-2BB6-4F21-9BC6-22989FE8A663}
		{B01678BE-3630-4402-9BBD-13AD87A29E56} = {C4F35FA3-C3FF-4447-B952-06A1E52B969A}
		{EA75ECA6-39CA-4031-9B28-E7E6B91435AC} = {0C87A212-78B7-46EA-9270-3EBA96E68E48}
		{9A0C52C8-CA95-4DB2-95EE-DBCCD503F7CD} = {2FB872A5-930C-4E33-9DCB-61705989A038}
	EndGlobalSection
	GlobalSection(ExtensibilityGlobals) = postSolution
		SolutionGuid = {30E0643D-A90E-4183-9FCB-3BD83E2ED9EB}
	EndGlobalSection
EndGlobal
